{
  "name": "sshy",
  "version": "0.2.0",
  "lockfileVersion": 1,
  "requires": true,
  "dependencies": {
    "@types/jsbn": {
      "version": "1.2.29",
      "resolved": "https://registry.npmjs.org/@types/jsbn/-/jsbn-1.2.29.tgz",
      "integrity": "sha512-2dVz9LTEGWVj9Ov9zaDnpvqHFV+W4bXtU0EUEGAzWfdRNO3dlUuosdHpENI6/oQW+Kejn0hAjk6P/czs9h/hvg==",
      "dev": true
    },
    "@types/sjcl": {
      "version": "1.0.28",
      "resolved": "https://registry.npmjs.org/@types/sjcl/-/sjcl-1.0.28.tgz",
      "integrity": "sha1-RpPraUPjhehEpw+yW0aZ2yhschQ=",
      "dev": true
    },
    "@types/xterm": {
      "version": "3.0.0",
      "resolved": "https://registry.npmjs.org/@types/xterm/-/xterm-3.0.0.tgz",
      "integrity": "sha512-+VaAJQmE7E1d1ebkIh/Zdc2mbXBVwxZGGSgqwzDPpk/HKo0mNT+iX5ZrnswztHSV+CDV+bURl7Yg7PWF7IZfXQ==",
      "dev": true,
      "requires": {
        "xterm": "*"
      }
    },
    "jsbn": {
      "version": "https://api.github.com/repos/TerminalPres/jsbn/tarball",
      "integrity": "sha512-n8uobaHUn7wPjVvxZvpm5hfUcH1CSgddNiw6R4K0v3Zt6XdwwVh/7X5G0MWX/negWjfUPQwq4f8/cCdcggsfiA=="
    },
    "sjcl": {
      "version": "1.0.7",
      "resolved": "https://registry.npmjs.org/sjcl/-/sjcl-1.0.7.tgz",
      "integrity": "sha1-MrNlpQ3Ju6JriLo8nfjqNCF9n0U="
    },
    "xterm": {
      "version": "3.7.0",
      "resolved": "https://registry.npmjs.org/xterm/-/xterm-3.7.0.tgz",
      "integrity": "sha512-EnWWiVjyN2JMeFYqBAEM3Xe2z61otmArAzKxZMH33IctNGgKL/pbnjZBBWShCroH9KkXAWsHAePzrAURmNu8OQ=="
    }
  }
}
